// !$*UTF8*$!
{
	archiveVersion = 1;
	classes = {
	};
	objectVersion = 77;
	objects = {

/* Begin PBXBuildFile section */
		157DB40E4614E9EA65F60C6C /* Assets.xcassets in Resources */ = {isa = PBXBuildFile; fileRef = 5DA2A17B5DFEAD4397D2C079 /* Assets.xcassets */; };
		1762ADC5CFCDCB7D0194337D /* AiAssistantView.swift in Sources */ = {isa = PBXBuildFile; fileRef = 41BB42FF77CA96215DE26203 /* AiAssistantView.swift */; };
		1A05994183E364BE6B18A2C1 /* ImagePicker.swift in Sources */ = {isa = PBXBuildFile; fileRef = 285B3F8F10C38461DD281863 /* ImagePicker.swift */; };
		1CE09CAEAC15F551071AA1DC /* PageView.swift in Sources */ = {isa = PBXBuildFile; fileRef = 0C0EB1163CE5D04AC2D6DE29 /* PageView.swift */; };
		21E235B5691671DC0C622A45 /* AvatarView.swift in Sources */ = {isa = PBXBuildFile; fileRef = 3A6E97C1D224C034CC889A30 /* AvatarView.swift */; };
		2852B7B089DBB5C5874907B0 /* GroupView.swift in Sources */ = {isa = PBXBuildFile; fileRef = 6BF8E82539754739E131C2F2 /* GroupView.swift */; };
		3661060A4B8D9684B43981F7 /* APIClient.swift in Sources */ = {isa = PBXBuildFile; fileRef = D76813DAC9BCCF9789355027 /* APIClient.swift */; };
		37EE09DD5A5CDBBD8DDD17FB /* PostDetailView.swift in Sources */ = {isa = PBXBuildFile; fileRef = 7ACC669B26227F087C47C4CF /* PostDetailView.swift */; };
		5CF91A0AC3EBA3DAADC3DF6C /* FeedView.swift in Sources */ = {isa = PBXBuildFile; fileRef = B27806DA7F5B3C1A32CB8D07 /* FeedView.swift */; };
		6E98553F0B5F0F3D07FD541D /* AuthService.swift in Sources */ = {isa = PBXBuildFile; fileRef = 5A31C217C0E427E29169054F /* AuthService.swift */; };
		7800935FE7E2D6768FE51DF4 /* ProfileView.swift in Sources */ = {isa = PBXBuildFile; fileRef = E438FB66C8211CE0E8DAE4F1 /* ProfileView.swift */; };
		7B157E727DE1FAA2BC6A4E90 /* BrowseView.swift in Sources */ = {isa = PBXBuildFile; fileRef = BB292DD21BBC1FEDB349F9E9 /* BrowseView.swift */; };
		9E05FEC80071205EF6F232FE /* NotificationsView.swift in Sources */ = {isa = PBXBuildFile; fileRef = 7E632BEA84E6BD7F210B20D9 /* NotificationsView.swift */; };
		A2772972F38872B18C9BE4F4 /* SpeechButton.swift in Sources */ = {isa = PBXBuildFile; fileRef = C0EFB9C170F7104A277635D3 /* SpeechButton.swift */; };
		A7CECE257901F7B394FF72AB /* FlexibleDecoder.swift in Sources */ = {isa = PBXBuildFile; fileRef = 8495BB1CE697F0BECAE4E4EE /* FlexibleDecoder.swift */; };
		AEF135479DEC0D1F9BAEE371 /* ConversationsView.swift in Sources */ = {isa = PBXBuildFile; fileRef = AF7E8ADD12CBE4AB7DEA28EE /* ConversationsView.swift */; };
		B20C93702831F8BB3C065D27 /* Models.swift in Sources */ = {isa = PBXBuildFile; fileRef = 498462D05A35A9D2B724FA36 /* Models.swift */; };
		B5DD3FC6ADAEA6903A0AB6ED /* MarkdownText.swift in Sources */ = {isa = PBXBuildFile; fileRef = B130C5BDC1EAA49C72AE1579 /* MarkdownText.swift */; };
		C2C10536A8D9C324AF705095 /* SearchView.swift in Sources */ = {isa = PBXBuildFile; fileRef = 13642C64F80F7F4D99D29688 /* SearchView.swift */; };
		C4CA3B6810E0A23FACB3A30B /* LoginView.swift in Sources */ = {isa = PBXBuildFile; fileRef = 4478AA54E37974B7D77639A8 /* LoginView.swift */; };
		DCAE4869071D0CA01C3E916C /* OrgView.swift in Sources */ = {isa = PBXBuildFile; fileRef = 21B2733D03EEF48266733B32 /* OrgView.swift */; };
		E6EB1486B9CDB3F69722E232 /* WorkSphereApp.swift in Sources */ = {isa = PBXBuildFile; fileRef = 000CA0942456120C6F5D84B5 /* WorkSphereApp.swift */; };
		EF8059A97A1AB50CB915C0F8 /* PostCard.swift in Sources */ = {isa = PBXBuildFile; fileRef = 23CA744957933315CE1C8A7C /* PostCard.swift */; };
		F498E2AA8942BB1CD0448AA9 /* ContentView.swift in Sources */ = {isa = PBXBuildFile; fileRef = 68F236EE27A9885B85DF454B /* ContentView.swift */; };
		FB81B770A0118B965E8A588B /* MessageThreadView.swift in Sources */ = {isa = PBXBuildFile; fileRef = D8DD9682111E6E8D4EC4EDAF /* MessageThreadView.swift */; };
		FCD58276A3267D8E2B4C12BA /* PollView.swift in Sources */ = {isa = PBXBuildFile; fileRef = 1CA06A228C04433035F8485A /* PollView.swift */; };
/* End PBXBuildFile section */

/* Begin PBXFileReference section */
		000CA0942456120C6F5D84B5 /* WorkSphereApp.swift */ = {isa = PBXFileReference; lastKnownFileType = sourcecode.swift; path = WorkSphereApp.swift; sourceTree = "<group>"; };
		0C0EB1163CE5D04AC2D6DE29 /* PageView.swift */ = {isa = PBXFileReference; lastKnownFileType = sourcecode.swift; path = PageView.swift; sourceTree = "<group>"; };
		13642C64F80F7F4D99D29688 /* SearchView.swift */ = {isa = PBXFileReference; lastKnownFileType = sourcecode.swift; path = SearchView.swift; sourceTree = "<group>"; };
		1CA06A228C04433035F8485A /* PollView.swift */ = {isa = PBXFileReference; lastKnownFileType = sourcecode.swift; path = PollView.swift; sourceTree = "<group>"; };
		21B2733D03EEF48266733B32 /* OrgView.swift */ = {isa = PBXFileReference; lastKnownFileType = sourcecode.swift; path = OrgView.swift; sourceTree = "<group>"; };
		23CA744957933315CE1C8A7C /* PostCard.swift */ = {isa = PBXFileReference; lastKnownFileType = sourcecode.swift; path = PostCard.swift; sourceTree = "<group>"; };
		285B3F8F10C38461DD281863 /* ImagePicker.swift */ = {isa = PBXFileReference; lastKnownFileType = sourcecode.swift; path = ImagePicker.swift; sourceTree = "<group>"; };
		3A6E97C1D224C034CC889A30 /* AvatarView.swift */ = {isa = PBXFileReference; lastKnownFileType = sourcecode.swift; path = AvatarView.swift; sourceTree = "<group>"; };
		41BB42FF77CA96215DE26203 /* AiAssistantView.swift */ = {isa = PBXFileReference; lastKnownFileType = sourcecode.swift; path = AiAssistantView.swift; sourceTree = "<group>"; };
		4478AA54E37974B7D77639A8 /* LoginView.swift */ = {isa = PBXFileReference; lastKnownFileType = sourcecode.swift; path = LoginView.swift; sourceTree = "<group>"; };
		498462D05A35A9D2B724FA36 /* Models.swift */ = {isa = PBXFileReference; lastKnownFileType = sourcecode.swift; path = Models.swift; sourceTree = "<group>"; };
		5A31C217C0E427E29169054F /* AuthService.swift */ = {isa = PBXFileReference; lastKnownFileType = sourcecode.swift; path = AuthService.swift; sourceTree = "<group>"; };
		5DA2A17B5DFEAD4397D2C079 /* Assets.xcassets */ = {isa = PBXFileReference; lastKnownFileType = folder.assetcatalog; path = Assets.xcassets; sourceTree = "<group>"; };
		68F236EE27A9885B85DF454B /* ContentView.swift */ = {isa = PBXFileReference; lastKnownFileType = sourcecode.swift; path = ContentView.swift; sourceTree = "<group>"; };
		6BF8E82539754739E131C2F2 /* GroupView.swift */ = {isa = PBXFileReference; lastKnownFileType = sourcecode.swift; path = GroupView.swift; sourceTree = "<group>"; };
		7ACC669B26227F087C47C4CF /* PostDetailView.swift */ = {isa = PBXFileReference; lastKnownFileType = sourcecode.swift; path = PostDetailView.swift; sourceTree = "<group>"; };
		7E632BEA84E6BD7F210B20D9 /* NotificationsView.swift */ = {isa = PBXFileReference; lastKnownFileType = sourcecode.swift; path = NotificationsView.swift; sourceTree = "<group>"; };
		8495BB1CE697F0BECAE4E4EE /* FlexibleDecoder.swift */ = {isa = PBXFileReference; lastKnownFileType = sourcecode.swift; path = FlexibleDecoder.swift; sourceTree = "<group>"; };
		AF7E8ADD12CBE4AB7DEA28EE /* ConversationsView.swift */ = {isa = PBXFileReference; lastKnownFileType = sourcecode.swift; path = ConversationsView.swift; sourceTree = "<group>"; };
		B130C5BDC1EAA49C72AE1579 /* MarkdownText.swift */ = {isa = PBXFileReference; lastKnownFileType = sourcecode.swift; path = MarkdownText.swift; sourceTree = "<group>"; };
		B27806DA7F5B3C1A32CB8D07 /* FeedView.swift */ = {isa = PBXFileReference; lastKnownFileType = sourcecode.swift; path = FeedView.swift; sourceTree = "<group>"; };
		BB292DD21BBC1FEDB349F9E9 /* BrowseView.swift */ = {isa = PBXFileReference; lastKnownFileType = sourcecode.swift; path = BrowseView.swift; sourceTree = "<group>"; };
		C0EFB9C170F7104A277635D3 /* SpeechButton.swift */ = {isa = PBXFileReference; lastKnownFileType = sourcecode.swift; path = SpeechButton.swift; sourceTree = "<group>"; };
		C4F76C0FD9E1FF3A6DFD3A3B /* WorkSphere.app */ = {isa = PBXFileReference; includeInIndex = 0; lastKnownFileType = wrapper.application; path = WorkSphere.app; sourceTree = BUILT_PRODUCTS_DIR; };
		D76813DAC9BCCF9789355027 /* APIClient.swift */ = {isa = PBXFileReference; lastKnownFileType = sourcecode.swift; path = APIClient.swift; sourceTree = "<group>"; };
		D8DD9682111E6E8D4EC4EDAF /* MessageThreadView.swift */ = {isa = PBXFileReference; lastKnownFileType = sourcecode.swift; path = MessageThreadView.swift; sourceTree = "<group>"; };
		E438FB66C8211CE0E8DAE4F1 /* ProfileView.swift */ = {isa = PBXFileReference; lastKnownFileType = sourcecode.swift; path = ProfileView.swift; sourceTree = "<group>"; };
		FFC64A9280E4841A97A9EBE1 /* Info.plist */ = {isa = PBXFileReference; lastKnownFileType = text.plist; path = Info.plist; sourceTree = "<group>"; };
/* End PBXFileReference section */

/* Begin PBXGroup section */
		07F0A9BE9FD076397EB3A465 /* AI */ = {
			isa = PBXGroup;
			children = (
				41BB42FF77CA96215DE26203 /* AiAssistantView.swift */,
			);
			path = AI;
			sourceTree = "<group>";
		};
		11E65529C861A9C452E5FBF8 /* Products */ = {
			isa = PBXGroup;
			children = (
				C4F76C0FD9E1FF3A6DFD3A3B /* WorkSphere.app */,
			);
			name = Products;
			sourceTree = "<group>";
		};
		1228A076D98FAF6AACCA4797 /* Browse */ = {
			isa = PBXGroup;
			children = (
				BB292DD21BBC1FEDB349F9E9 /* BrowseView.swift */,
			);
			path = Browse;
			sourceTree = "<group>";
		};
		17C00414A1CE61FD03C581CA /* Search */ = {
			isa = PBXGroup;
			children = (
				13642C64F80F7F4D99D29688 /* SearchView.swift */,
			);
			path = Search;
			sourceTree = "<group>";
		};
		18859A7FB3119CD7F555004F /* Profile */ = {
			isa = PBXGroup;
			children = (
				E438FB66C8211CE0E8DAE4F1 /* ProfileView.swift */,
			);
			path = Profile;
			sourceTree = "<group>";
		};
		1BD5ADE4DB80EEDAF35DD9E9 /* Feed */ = {
			isa = PBXGroup;
			children = (
				B27806DA7F5B3C1A32CB8D07 /* FeedView.swift */,
				1CA06A228C04433035F8485A /* PollView.swift */,
				23CA744957933315CE1C8A7C /* PostCard.swift */,
				7ACC669B26227F087C47C4CF /* PostDetailView.swift */,
			);
			path = Feed;
			sourceTree = "<group>";
		};
		2D40F9220E6D41DDE1B6D1F9 /* Components */ = {
			isa = PBXGroup;
			children = (
				3A6E97C1D224C034CC889A30 /* AvatarView.swift */,
				285B3F8F10C38461DD281863 /* ImagePicker.swift */,
				B130C5BDC1EAA49C72AE1579 /* MarkdownText.swift */,
				C0EFB9C170F7104A277635D3 /* SpeechButton.swift */,
			);
			path = Components;
			sourceTree = "<group>";
		};
		2F3B3411F68D53A33C77BF3F = {
			isa = PBXGroup;
			children = (
				ED21EB4FA9F6951F94011ED3 /* WorkSphere */,
				11E65529C861A9C452E5FBF8 /* Products */,
			);
			sourceTree = "<group>";
		};
		538CC5C19918FD3AE50E0FFD /* Org */ = {
			isa = PBXGroup;
			children = (
				21B2733D03EEF48266733B32 /* OrgView.swift */,
			);
			path = Org;
			sourceTree = "<group>";
		};
		86C0ED76F7E474D8C81E0C69 /* Pages */ = {
			isa = PBXGroup;
			children = (
				0C0EB1163CE5D04AC2D6DE29 /* PageView.swift */,
			);
			path = Pages;
			sourceTree = "<group>";
		};
		86D2D5B1ED882EF7F8C4F779 /* Groups */ = {
			isa = PBXGroup;
			children = (
				6BF8E82539754739E131C2F2 /* GroupView.swift */,
			);
			path = Groups;
			sourceTree = "<group>";
		};
		87FA336A48C9196E9CF85FAE /* Views */ = {
			isa = PBXGroup;
			children = (
				07F0A9BE9FD076397EB3A465 /* AI */,
				DAC57C0443766F0137A01876 /* Auth */,
				1228A076D98FAF6AACCA4797 /* Browse */,
				2D40F9220E6D41DDE1B6D1F9 /* Components */,
				1BD5ADE4DB80EEDAF35DD9E9 /* Feed */,
				86D2D5B1ED882EF7F8C4F779 /* Groups */,
				98A0EF53A0C2062FF8A32871 /* Messages */,
				94CCFBB115CF73344A2981C6 /* Notifications */,
				538CC5C19918FD3AE50E0FFD /* Org */,
				86C0ED76F7E474D8C81E0C69 /* Pages */,
				18859A7FB3119CD7F555004F /* Profile */,
				17C00414A1CE61FD03C581CA /* Search */,
			);
			path = Views;
			sourceTree = "<group>";
		};
		94CCFBB115CF73344A2981C6 /* Notifications */ = {
			isa = PBXGroup;
			children = (
				7E632BEA84E6BD7F210B20D9 /* NotificationsView.swift */,
			);
			path = Notifications;
			sourceTree = "<group>";
		};
		98A0EF53A0C2062FF8A32871 /* Messages */ = {
			isa = PBXGroup;
			children = (
				AF7E8ADD12CBE4AB7DEA28EE /* ConversationsView.swift */,
				D8DD9682111E6E8D4EC4EDAF /* MessageThreadView.swift */,
			);
			path = Messages;
			sourceTree = "<group>";
		};
		C77177A7F21B45E20CBB381F /* Models */ = {
			isa = PBXGroup;
			children = (
				498462D05A35A9D2B724FA36 /* Models.swift */,
			);
			path = Models;
			sourceTree = "<group>";
		};
		DAC57C0443766F0137A01876 /* Auth */ = {
			isa = PBXGroup;
			children = (
				4478AA54E37974B7D77639A8 /* LoginView.swift */,
			);
			path = Auth;
			sourceTree = "<group>";
		};
		ED21EB4FA9F6951F94011ED3 /* WorkSphere */ = {
			isa = PBXGroup;
			children = (
				5DA2A17B5DFEAD4397D2C079 /* Assets.xcassets */,
				68F236EE27A9885B85DF454B /* ContentView.swift */,
				FFC64A9280E4841A97A9EBE1 /* Info.plist */,
				000CA0942456120C6F5D84B5 /* WorkSphereApp.swift */,
				C77177A7F21B45E20CBB381F /* Models */,
				FEA9EDBBF092299755C64941 /* Services */,
				87FA336A48C9196E9CF85FAE /* Views */,
			);
			path = WorkSphere;
			sourceTree = "<group>";
		};
		FEA9EDBBF092299755C64941 /* Services */ = {
			isa = PBXGroup;
			children = (
				D76813DAC9BCCF9789355027 /* APIClient.swift */,
				5A31C217C0E427E29169054F /* AuthService.swift */,
				8495BB1CE697F0BECAE4E4EE /* FlexibleDecoder.swift */,
			);
			path = Services;
			sourceTree = "<group>";
		};
/* End PBXGroup section */

/* Begin PBXNativeTarget section */
		AA780F2153FD213773C17BB8 /* WorkSphere */ = {
			isa = PBXNativeTarget;
			buildConfigurationList = 64A36F6B3043F61D7F0BAEFB /* Build configuration list for PBXNativeTarget "WorkSphere" */;
			buildPhases = (
				2C4042C612854DE5CFCCBE96 /* Sources */,
				923055ACFD0EA3701DD59093 /* Resources */,
			);
			buildRules = (
			);
			dependencies = (
			);
			name = WorkSphere;
			packageProductDependencies = (
			);
			productName = WorkSphere;
			productReference = C4F76C0FD9E1FF3A6DFD3A3B /* WorkSphere.app */;
			productType = "com.apple.product-type.application";
		};
/* End PBXNativeTarget section */

/* Begin PBXProject section */
		34110ACBDBBE819BC0F85FBD /* Project object */ = {
			isa = PBXProject;
			attributes = {
				BuildIndependentTargetsInParallel = YES;
				LastUpgradeCheck = 1430;
			};
			buildConfigurationList = 74F118D61BC9D1D8D4B5DE1C /* Build configuration list for PBXProject "WorkSphere" */;
			compatibilityVersion = "Xcode 14.0";
			developmentRegion = en;
			hasScannedForEncodings = 0;
			knownRegions = (
				Base,
				en,
			);
			mainGroup = 2F3B3411F68D53A33C77BF3F;
			minimizedProjectReferenceProxies = 1;
			preferredProjectObjectVersion = 77;
			projectDirPath = "";
			projectRoot = "";
			targets = (
				AA780F2153FD213773C17BB8 /* WorkSphere */,
			);
		};
/* End PBXProject section */

/* Begin PBXResourcesBuildPhase section */
		923055ACFD0EA3701DD59093 /* Resources */ = {
			isa = PBXResourcesBuildPhase;
			buildActionMask = 2147483647;
			files = (
				157DB40E4614E9EA65F60C6C /* Assets.xcassets in Resources */,
			);
			runOnlyForDeploymentPostprocessing = 0;
		};
/* End PBXResourcesBuildPhase section */

/* Begin PBXSourcesBuildPhase section */
		2C4042C612854DE5CFCCBE96 /* Sources */ = {
			isa = PBXSourcesBuildPhase;
			buildActionMask = 2147483647;
			files = (
				3661060A4B8D9684B43981F7 /* APIClient.swift in Sources */,
				1762ADC5CFCDCB7D0194337D /* AiAssistantView.swift in Sources */,
				6E98553F0B5F0F3D07FD541D /* AuthService.swift in Sources */,
				21E235B5691671DC0C622A45 /* AvatarView.swift in Sources */,
				7B157E727DE1FAA2BC6A4E90 /* BrowseView.swift in Sources */,
				F498E2AA8942BB1CD0448AA9 /* ContentView.swift in Sources */,
				AEF135479DEC0D1F9BAEE371 /* ConversationsView.swift in Sources */,
				5CF91A0AC3EBA3DAADC3DF6C /* FeedView.swift in Sources */,
				A7CECE257901F7B394FF72AB /* FlexibleDecoder.swift in Sources */,
				2852B7B089DBB5C5874907B0 /* GroupView.swift in Sources */,
				1A05994183E364BE6B18A2C1 /* ImagePicker.swift in Sources */,
				C4CA3B6810E0A23FACB3A30B /* LoginView.swift in Sources */,
				B5DD3FC6ADAEA6903A0AB6ED /* MarkdownText.swift in Sources */,
				FB81B770A0118B965E8A588B /* MessageThreadView.swift in Sources */,
				B20C93702831F8BB3C065D27 /* Models.swift in Sources */,
				9E05FEC80071205EF6F232FE /* NotificationsView.swift in Sources */,
				DCAE4869071D0CA01C3E916C /* OrgView.swift in Sources */,
				1CE09CAEAC15F551071AA1DC /* PageView.swift in Sources */,
				FCD58276A3267D8E2B4C12BA /* PollView.swift in Sources */,
				EF8059A97A1AB50CB915C0F8 /* PostCard.swift in Sources */,
				37EE09DD5A5CDBBD8DDD17FB /* PostDetailView.swift in Sources */,
				7800935FE7E2D6768FE51DF4 /* ProfileView.swift in Sources */,
				C2C10536A8D9C324AF705095 /* SearchView.swift in Sources */,
				A2772972F38872B18C9BE4F4 /* SpeechButton.swift in Sources */,
				E6EB1486B9CDB3F69722E232 /* WorkSphereApp.swift in Sources */,
			);
			runOnlyForDeploymentPostprocessing = 0;
		};
/* End PBXSourcesBuildPhase section */

/* Begin XCBuildConfiguration section */
		323DF9DF048EF76CA013247D /* Release */ = {
			isa = XCBuildConfiguration;
			buildSettings = {
				ALWAYS_SEARCH_USER_PATHS = NO;
				CLANG_ANALYZER_NONNULL = YES;
				CLANG_ANALYZER_NUMBER_OBJECT_CONVERSION = YES_AGGRESSIVE;
				CLANG_CXX_LANGUAGE_STANDARD = "gnu++14";
				CLANG_CXX_LIBRARY = "libc++";
				CLANG_ENABLE_MODULES = YES;
				CLANG_ENABLE_OBJC_ARC = YES;
				CLANG_ENABLE_OBJC_WEAK = YES;
				CLANG_WARN_BLOCK_CAPTURE_AUTORELEASING = YES;
				CLANG_WARN_BOOL_CONVERSION = YES;
				CLANG_WARN_COMMA = YES;
				CLANG_WARN_CONSTANT_CONVERSION = YES;
				CLANG_WARN_DEPRECATED_OBJC_IMPLEMENTATIONS = YES;
				CLANG_WARN_DIRECT_OBJC_ISA_USAGE = YES_ERROR;
				CLANG_WARN_DOCUMENTATION_COMMENTS = YES;
				CLANG_WARN_EMPTY_BODY = YES;
				CLANG_WARN_ENUM_CONVERSION = YES;
				CLANG_WARN_INFINITE_RECURSION = YES;
				CLANG_WARN_INT_CONVERSION = YES;
				CLANG_WARN_NON_LITERAL_NULL_CONVERSION = YES;
				CLANG_WARN_OBJC_IMPLICIT_RETAIN_SELF = YES;
				CLANG_WARN_OBJC_LITERAL_CONVERSION = YES;
				CLANG_WARN_OBJC_ROOT_CLASS = YES_ERROR;
				CLANG_WARN_QUOTED_INCLUDE_IN_FRAMEWORK_HEADER = YES;
				CLANG_WARN_RANGE_LOOP_ANALYSIS = YES;
				CLANG_WARN_STRICT_PROTOTYPES = YES;
				CLANG_WARN_SUSPICIOUS_MOVE = YES;
				CLANG_WARN_UNGUARDED_AVAILABILITY = YES_AGGRESSIVE;
				CLANG_WARN_UNREACHABLE_CODE = YES;
				CLANG_WARN__DUPLICATE_METHOD_MATCH = YES;
				COPY_PHASE_STRIP = NO;
				DEBUG_INFORMATION_FORMAT = "dwarf-with-dsym";
				ENABLE_NS_ASSERTIONS = NO;
				ENABLE_STRICT_OBJC_MSGSEND = YES;
				GCC_C_LANGUAGE_STANDARD = gnu11;
				GCC_NO_COMMON_BLOCKS = YES;
				GCC_WARN_64_TO_32_BIT_CONVERSION = YES;
				GCC_WARN_ABOUT_RETURN_TYPE = YES_ERROR;
				GCC_WARN_UNDECLARED_SELECTOR = YES;
				GCC_WARN_UNINITIALIZED_AUTOS = YES_AGGRESSIVE;
				GCC_WARN_UNUSED_FUNCTION = YES;
				GCC_WARN_UNUSED_VARIABLE = YES;
				IPHONEOS_DEPLOYMENT_TARGET = 17.0;
				MTL_ENABLE_DEBUG_INFO = NO;
				MTL_FAST_MATH = YES;
				PRODUCT_NAME = "$(TARGET_NAME)";
				SDKROOT = iphoneos;
				SWIFT_COMPILATION_MODE = wholemodule;
				SWIFT_OPTIMIZATION_LEVEL = "-O";
				SWIFT_VERSION = 5.9;
			};
			name = Release;
		};
		7544E90ABFC83C79CA84C3E3 /* Release */ = {
			isa = XCBuildConfiguration;
			buildSettings = {
				ASSETCATALOG_COMPILER_APPICON_NAME = AppIcon;
				CODE_SIGN_IDENTITY = "iPhone Developer";
				CURRENT_PROJECT_VERSION = 1;
				INFOPLIST_FILE = WorkSphere/Info.plist;
				INFOPLIST_KEY_UIApplicationSceneManifest_Generation = YES;
				INFOPLIST_KEY_UIApplicationSupportsIndirectInputEvents = YES;
				INFOPLIST_KEY_UILaunchScreen_Generation = YES;
				INFOPLIST_KEY_UISupportedInterfaceOrientations_iPad = "UIInterfaceOrientationPortrait UIInterfaceOrientationPortraitUpsideDown UIInterfaceOrientationLandscapeLeft UIInterfaceOrientationLandscapeRight";
				INFOPLIST_KEY_UISupportedInterfaceOrientations_iPhone = "UIInterfaceOrientationPortrait UIInterfaceOrientationLandscapeLeft UIInterfaceOrientationLandscapeRight";
				LD_RUNPATH_SEARCH_PATHS = (
					"$(inherited)",
					"@executable_path/Frameworks",
				);
				MARKETING_VERSION = 1.0.0;
				PRODUCT_BUNDLE_IDENTIFIER = com.worksphere.app;
				SDKROOT = iphoneos;
				SUPPORTS_MAC_DESIGNED_FOR_IPHONE_IPAD = YES;
				TARGETED_DEVICE_FAMILY = "1,2";
			};
			name = Release;
		};
		B08B477EAC3EB79167DDF56C /* Debug */ = {
			isa = XCBuildConfiguration;
			buildSettings = {
				ALWAYS_SEARCH_USER_PATHS = NO;
				CLANG_ANALYZER_NONNULL = YES;
				CLANG_ANALYZER_NUMBER_OBJECT_CONVERSION = YES_AGGRESSIVE;
				CLANG_CXX_LANGUAGE_STANDARD = "gnu++14";
				CLANG_CXX_LIBRARY = "libc++";
				CLANG_ENABLE_MODULES = YES;
				CLANG_ENABLE_OBJC_ARC = YES;
				CLANG_ENABLE_OBJC_WEAK = YES;
				CLANG_WARN_BLOCK_CAPTURE_AUTORELEASING = YES;
				CLANG_WARN_BOOL_CONVERSION = YES;
				CLANG_WARN_COMMA = YES;
				CLANG_WARN_CONSTANT_CONVERSION = YES;
				CLANG_WARN_DEPRECATED_OBJC_IMPLEMENTATIONS = YES;
				CLANG_WARN_DIRECT_OBJC_ISA_USAGE = YES_ERROR;
				CLANG_WARN_DOCUMENTATION_COMMENTS = YES;
				CLANG_WARN_EMPTY_BODY = YES;
				CLANG_WARN_ENUM_CONVERSION = YES;
				CLANG_WARN_INFINITE_RECURSION = YES;
				CLANG_WARN_INT_CONVERSION = YES;
				CLANG_WARN_NON_LITERAL_NULL_CONVERSION = YES;
				CLANG_WARN_OBJC_IMPLICIT_RETAIN_SELF = YES;
				CLANG_WARN_OBJC_LITERAL_CONVERSION = YES;
				CLANG_WARN_OBJC_ROOT_CLASS = YES_ERROR;
				CLANG_WARN_QUOTED_INCLUDE_IN_FRAMEWORK_HEADER = YES;
				CLANG_WARN_RANGE_LOOP_ANALYSIS = YES;
				CLANG_WARN_STRICT_PROTOTYPES = YES;
				CLANG_WARN_SUSPICIOUS_MOVE = YES;
				CLANG_WARN_UNGUARDED_AVAILABILITY = YES_AGGRESSIVE;
				CLANG_WARN_UNREACHABLE_CODE = YES;
				CLANG_WARN__DUPLICATE_METHOD_MATCH = YES;
				COPY_PHASE_STRIP = NO;
				DEBUG_INFORMATION_FORMAT = dwarf;
				ENABLE_STRICT_OBJC_MSGSEND = YES;
				ENABLE_TESTABILITY = YES;
				GCC_C_LANGUAGE_STANDARD = gnu11;
				GCC_DYNAMIC_NO_PIC = NO;
				GCC_NO_COMMON_BLOCKS = YES;
				GCC_OPTIMIZATION_LEVEL = 0;
				GCC_PREPROCESSOR_DEFINITIONS = (
					"$(inherited)",
					"DEBUG=1",
				);
				GCC_WARN_64_TO_32_BIT_CONVERSION = YES;
				GCC_WARN_ABOUT_RETURN_TYPE = YES_ERROR;
				GCC_WARN_UNDECLARED_SELECTOR = YES;
				GCC_WARN_UNINITIALIZED_AUTOS = YES_AGGRESSIVE;
				GCC_WARN_UNUSED_FUNCTION = YES;
				GCC_WARN_UNUSED_VARIABLE = YES;
				IPHONEOS_DEPLOYMENT_TARGET = 17.0;
				MTL_ENABLE_DEBUG_INFO = INCLUDE_SOURCE;
				MTL_FAST_MATH = YES;
				ONLY_ACTIVE_ARCH = YES;
				PRODUCT_NAME = "$(TARGET_NAME)";
				SDKROOT = iphoneos;
				SWIFT_ACTIVE_COMPILATION_CONDITIONS = DEBUG;
				SWIFT_OPTIMIZATION_LEVEL = "-Onone";
				SWIFT_VERSION = 5.9;
			};
			name = Debug;
		};
		E3788A8622BAB363D7D20F10 /* Debug */ = {
			isa = XCBuildConfiguration;
			buildSettings = {
				ASSETCATALOG_COMPILER_APPICON_NAME = AppIcon;
				CODE_SIGN_IDENTITY = "iPhone Developer";
				CURRENT_PROJECT_VERSION = 1;
				INFOPLIST_FILE = WorkSphere/Info.plist;
				INFOPLIST_KEY_UIApplicationSceneManifest_Generation = YES;
				INFOPLIST_KEY_UIApplicationSupportsIndirectInputEvents = YES;
				INFOPLIST_KEY_UILaunchScreen_Generation = YES;
				INFOPLIST_KEY_UISupportedInterfaceOrientations_iPad = "UIInterfaceOrientationPortrait UIInterfaceOrientationPortraitUpsideDown UIInterfaceOrientationLandscapeLeft UIInterfaceOrientationLandscapeRight";
				INFOPLIST_KEY_UISupportedInterfaceOrientations_iPhone = "UIInterfaceOrientationPortrait UIInterfaceOrientationLandscapeLeft UIInterfaceOrientationLandscapeRight";
				LD_RUNPATH_SEARCH_PATHS = (
					"$(inherited)",
					"@executable_path/Frameworks",
				);
				MARKETING_VERSION = 1.0.0;
				PRODUCT_BUNDLE_IDENTIFIER = com.worksphere.app;
				SDKROOT = iphoneos;
				SUPPORTS_MAC_DESIGNED_FOR_IPHONE_IPAD = YES;
				TARGETED_DEVICE_FAMILY = "1,2";
			};
			name = Debug;
		};
/* End XCBuildConfiguration section */

/* Begin XCConfigurationList section */
		64A36F6B3043F61D7F0BAEFB /* Build configuration list for PBXNativeTarget "WorkSphere" */ = {
			isa = XCConfigurationList;
			buildConfigurations = (
				E3788A8622BAB363D7D20F10 /* Debug */,
				7544E90ABFC83C79CA84C3E3 /* Release */,
			);
			defaultConfigurationIsVisible = 0;
			defaultConfigurationName = Debug;
		};
		74F118D61BC9D1D8D4B5DE1C /* Build configuration list for PBXProject "WorkSphere" */ = {
			isa = XCConfigurationList;
			buildConfigurations = (
				B08B477EAC3EB79167DDF56C /* Debug */,
				323DF9DF048EF76CA013247D /* Release */,
			);
			defaultConfigurationIsVisible = 0;
			defaultConfigurationName = Debug;
		};
/* End XCConfigurationList section */
	};
	rootObject = 34110ACBDBBE819BC0F85FBD /* Project object */;
}
